// !$*UTF8*$!
{
	archiveVersion = 1;
	classes = {
	};
	objectVersion = 51;
	objects = {

/* Begin PBXBuildFile section */
		29C2AEAAA08A98A0E83563B1 /* Pods_2ChatApp.framework in Frameworks */ = {isa = PBXBuildFile; fileRef = D6C6F761B01CFF913F3BCBBA /* Pods_2ChatApp.framework */; };
		6D34DEDF23E7395400DCB198 /* GoogleService-Info.plist in Resources */ = {isa = PBXBuildFile; fileRef = 6D34DEDE23E7395400DCB198 /* GoogleService-Info.plist */; };
		6D34DEE123E739EF00DCB198 /* HomeViewControllerProtocol.swift in Sources */ = {isa = PBXBuildFile; fileRef = 6D34DEE023E739EF00DCB198 /* HomeViewControllerProtocol.swift */; };
		6D34DEE523E73E8C00DCB198 /* RegisterViewController.swift in Sources */ = {isa = PBXBuildFile; fileRef = 6D34DEE323E73E8C00DCB198 /* RegisterViewController.swift */; };
		6D34DEE623E73E8C00DCB198 /* RegisterViewController.xib in Resources */ = {isa = PBXBuildFile; fileRef = 6D34DEE423E73E8C00DCB198 /* RegisterViewController.xib */; };
		6DA9567B23E72E630048AB30 /* AppDelegate.swift in Sources */ = {isa = PBXBuildFile; fileRef = 6DA9567A23E72E630048AB30 /* AppDelegate.swift */; };
		6DA9567D23E72E630048AB30 /* SceneDelegate.swift in Sources */ = {isa = PBXBuildFile; fileRef = 6DA9567C23E72E630048AB30 /* SceneDelegate.swift */; };
		6DA9568423E72E640048AB30 /* Assets.xcassets in Resources */ = {isa = PBXBuildFile; fileRef = 6DA9568323E72E640048AB30 /* Assets.xcassets */; };
		6DA9568723E72E640048AB30 /* LaunchScreen.storyboard in Resources */ = {isa = PBXBuildFile; fileRef = 6DA9568523E72E640048AB30 /* LaunchScreen.storyboard */; };
		6DA9569123E72F6C0048AB30 /* HomeViewController.swift in Sources */ = {isa = PBXBuildFile; fileRef = 6DA9568F23E72F6C0048AB30 /* HomeViewController.swift */; };
		6DA9569223E72F6C0048AB30 /* HomeViewController.xib in Resources */ = {isa = PBXBuildFile; fileRef = 6DA9569023E72F6C0048AB30 /* HomeViewController.xib */; };
		6DA9569423E736840048AB30 /* HomeViewControllerModel.swift in Sources */ = {isa = PBXBuildFile; fileRef = 6DA9569323E736840048AB30 /* HomeViewControllerModel.swift */; };
/* End PBXBuildFile section */

/* Begin PBXFileReference section */
		6D34DEDE23E7395400DCB198 /* GoogleService-Info.plist */ = {isa = PBXFileReference; fileEncoding = 4; lastKnownFileType = text.plist.xml; path = "GoogleService-Info.plist"; sourceTree = "<group>"; };
		6D34DEE023E739EF00DCB198 /* HomeViewControllerProtocol.swift */ = {isa = PBXFileReference; lastKnownFileType = sourcecode.swift; path = HomeViewControllerProtocol.swift; sourceTree = "<group>"; };
		6D34DEE323E73E8C00DCB198 /* RegisterViewController.swift */ = {isa = PBXFileReference; lastKnownFileType = sourcecode.swift; path = RegisterViewController.swift; sourceTree = "<group>"; };
		6D34DEE423E73E8C00DCB198 /* RegisterViewController.xib */ = {isa = PBXFileReference; lastKnownFileType = file.xib; path = RegisterViewController.xib; sourceTree = "<group>"; };
		6DA9567723E72E630048AB30 /* 2ChatApp.app */ = {isa = PBXFileReference; explicitFileType = wrapper.application; includeInIndex = 0; path = 2ChatApp.app; sourceTree = BUILT_PRODUCTS_DIR; };
		6DA9567A23E72E630048AB30 /* AppDelegate.swift */ = {isa = PBXFileReference; lastKnownFileType = sourcecode.swift; path = AppDelegate.swift; sourceTree = "<group>"; };
		6DA9567C23E72E630048AB30 /* SceneDelegate.swift */ = {isa = PBXFileReference; lastKnownFileType = sourcecode.swift; path = SceneDelegate.swift; sourceTree = "<group>"; };
		6DA9568323E72E640048AB30 /* Assets.xcassets */ = {isa = PBXFileReference; lastKnownFileType = folder.assetcatalog; path = Assets.xcassets; sourceTree = "<group>"; };
		6DA9568623E72E640048AB30 /* Base */ = {isa = PBXFileReference; lastKnownFileType = file.storyboard; name = Base; path = Base.lproj/LaunchScreen.storyboard; sourceTree = "<group>"; };
		6DA9568823E72E640048AB30 /* Info.plist */ = {isa = PBXFileReference; lastKnownFileType = text.plist.xml; path = Info.plist; sourceTree = "<group>"; };
		6DA9568F23E72F6C0048AB30 /* HomeViewController.swift */ = {isa = PBXFileReference; lastKnownFileType = sourcecode.swift; path = HomeViewController.swift; sourceTree = "<group>"; };
		6DA9569023E72F6C0048AB30 /* HomeViewController.xib */ = {isa = PBXFileReference; lastKnownFileType = file.xib; path = HomeViewController.xib; sourceTree = "<group>"; };
		6DA9569323E736840048AB30 /* HomeViewControllerModel.swift */ = {isa = PBXFileReference; lastKnownFileType = sourcecode.swift; path = HomeViewControllerModel.swift; sourceTree = "<group>"; };
		ADCF405B5F5F7C181E9DF901 /* Pods-2ChatApp.release.xcconfig */ = {isa = PBXFileReference; includeInIndex = 1; lastKnownFileType = text.xcconfig; name = "Pods-2ChatApp.release.xcconfig"; path = "Target Support Files/Pods-2ChatApp/Pods-2ChatApp.release.xcconfig"; sourceTree = "<group>"; };
		D6C6F761B01CFF913F3BCBBA /* Pods_2ChatApp.framework */ = {isa = PBXFileReference; explicitFileType = wrapper.framework; includeInIndex = 0; path = Pods_2ChatApp.framework; sourceTree = BUILT_PRODUCTS_DIR; };
		E30AF2D3102FC26C0CAE73E2 /* Pods-2ChatApp.debug.xcconfig */ = {isa = PBXFileReference; includeInIndex = 1; lastKnownFileType = text.xcconfig; name = "Pods-2ChatApp.debug.xcconfig"; path = "Target Support Files/Pods-2ChatApp/Pods-2ChatApp.debug.xcconfig"; sourceTree = "<group>"; };
/* End PBXFileReference section */

/* Begin PBXFrameworksBuildPhase section */
		6DA9567423E72E630048AB30 /* Frameworks */ = {
			isa = PBXFrameworksBuildPhase;
			buildActionMask = 2147483647;
			files = (
				29C2AEAAA08A98A0E83563B1 /* Pods_2ChatApp.framework in Frameworks */,
			);
			runOnlyForDeploymentPostprocessing = 0;
		};
/* End PBXFrameworksBuildPhase section */

/* Begin PBXGroup section */
		6D34DEE223E73E7800DCB198 /* RegisterViewController */ = {
			isa = PBXGroup;
			children = (
				6D34DEE323E73E8C00DCB198 /* RegisterViewController.swift */,
				6D34DEE423E73E8C00DCB198 /* RegisterViewController.xib */,
			);
			path = RegisterViewController;
			sourceTree = "<group>";
		};
		6DA9566E23E72E630048AB30 = {
			isa = PBXGroup;
			children = (
				6DA9567923E72E630048AB30 /* 2ChatApp */,
				6DA9567823E72E630048AB30 /* Products */,
				A7ED2DE419E5663558F2B813 /* Pods */,
				854958B753B5C08DE08C1149 /* Frameworks */,
			);
			sourceTree = "<group>";
		};
		6DA9567823E72E630048AB30 /* Products */ = {
			isa = PBXGroup;
			children = (
				6DA9567723E72E630048AB30 /* 2ChatApp.app */,
			);
			name = Products;
			sourceTree = "<group>";
		};
		6DA9567923E72E630048AB30 /* 2ChatApp */ = {
			isa = PBXGroup;
			children = (
				6D34DEE223E73E7800DCB198 /* RegisterViewController */,
				6D34DEDE23E7395400DCB198 /* GoogleService-Info.plist */,
				6DA9568E23E72F580048AB30 /* HomeViewController */,
				6DA9567A23E72E630048AB30 /* AppDelegate.swift */,
				6DA9567C23E72E630048AB30 /* SceneDelegate.swift */,
				6DA9568323E72E640048AB30 /* Assets.xcassets */,
				6DA9568523E72E640048AB30 /* LaunchScreen.storyboard */,
				6DA9568823E72E640048AB30 /* Info.plist */,
			);
			path = 2ChatApp;
			sourceTree = "<group>";
		};
		6DA9568E23E72F580048AB30 /* HomeViewController */ = {
			isa = PBXGroup;
			children = (
				6DA9568F23E72F6C0048AB30 /* HomeViewController.swift */,
				6DA9569023E72F6C0048AB30 /* HomeViewController.xib */,
				6DA9569323E736840048AB30 /* HomeViewControllerModel.swift */,
				6D34DEE023E739EF00DCB198 /* HomeViewControllerProtocol.swift */,
			);
			path = HomeViewController;
			sourceTree = "<group>";
		};
		854958B753B5C08DE08C1149 /* Frameworks */ = {
			isa = PBXGroup;
			children = (
				D6C6F761B01CFF913F3BCBBA /* Pods_2ChatApp.framework */,
			);
			name = Frameworks;
			sourceTree = "<group>";
		};
		A7ED2DE419E5663558F2B813 /* Pods */ = {
			isa = PBXGroup;
			children = (
				E30AF2D3102FC26C0CAE73E2 /* Pods-2ChatApp.debug.xcconfig */,
				ADCF405B5F5F7C181E9DF901 /* Pods-2ChatApp.release.xcconfig */,
			);
			path = Pods;
			sourceTree = "<group>";
		};
/* End PBXGroup section */

/* Begin PBXNativeTarget section */
		6DA9567623E72E630048AB30 /* 2ChatApp */ = {
			isa = PBXNativeTarget;
			buildConfigurationList = 6DA9568B23E72E640048AB30 /* Build configuration list for PBXNativeTarget "2ChatApp" */;
			buildPhases = (
				4E108366973C7319BF95F184 /* [CP] Check Pods Manifest.lock */,
				6DA9567323E72E630048AB30 /* Sources */,
				6DA9567423E72E630048AB30 /* Frameworks */,
				6DA9567523E72E630048AB30 /* Resources */,
				C77253E9C9E2549AAA442303 /* [CP] Embed Pods Frameworks */,
			);
			buildRules = (
			);
			dependencies = (
			);
			name = 2ChatApp;
			productName = 2ChatApp;
			productReference = 6DA9567723E72E630048AB30 /* 2ChatApp.app */;
			productType = "com.apple.product-type.application";
		};
/* End PBXNativeTarget section */

/* Begin PBXProject section */
		6DA9566F23E72E630048AB30 /* Project object */ = {
			isa = PBXProject;
			attributes = {
				LastSwiftUpdateCheck = 1130;
				LastUpgradeCheck = 1130;
				ORGANIZATIONNAME = user159106;
				TargetAttributes = {
					6DA9567623E72E630048AB30 = {
						CreatedOnToolsVersion = 11.3.1;
					};
				};
			};
			buildConfigurationList = 6DA9567223E72E630048AB30 /* Build configuration list for PBXProject "2ChatApp" */;
			compatibilityVersion = "Xcode 9.3";
			developmentRegion = en;
			hasScannedForEncodings = 0;
			knownRegions = (
				en,
				Base,
			);
			mainGroup = 6DA9566E23E72E630048AB30;
			productRefGroup = 6DA9567823E72E630048AB30 /* Products */;
			projectDirPath = "";
			projectRoot = "";
			targets = (
				6DA9567623E72E630048AB30 /* 2ChatApp */,
			);
		};
/* End PBXProject section */

/* Begin PBXResourcesBuildPhase section */
		6DA9567523E72E630048AB30 /* Resources */ = {
			isa = PBXResourcesBuildPhase;
			buildActionMask = 2147483647;
			files = (
				6DA9568723E72E640048AB30 /* LaunchScreen.storyboard in Resources */,
				6D34DEE623E73E8C00DCB198 /* RegisterViewController.xib in Resources */,
				6DA9568423E72E640048AB30 /* Assets.xcassets in Resources */,
				6DA9569223E72F6C0048AB30 /* HomeViewController.xib in Resources */,
				6D34DEDF23E7395400DCB198 /* GoogleService-Info.plist in Resources */,
			);
			runOnlyForDeploymentPostprocessing = 0;
		};
/* End PBXResourcesBuildPhase section */

/* Begin PBXShellScriptBuildPhase section */
		4E108366973C7319BF95F184 /* [CP] Check Pods Manifest.lock */ = {
			isa = PBXShellScriptBuildPhase;
			buildActionMask = 2147483647;
			files = (
			);
			inputFileListPaths = (
			);
			inputPaths = (
				"${PODS_PODFILE_DIR_PATH}/Podfile.lock",
				"${PODS_ROOT}/Manifest.lock",
			);
			name = "[CP] Check Pods Manifest.lock";
			outputFileListPaths = (
			);
			outputPaths = (
				"$(DERIVED_FILE_DIR)/Pods-2ChatApp-checkManifestLockResult.txt",
			);
			runOnlyForDeploymentPostprocessing = 0;
			shellPath = /bin/sh;
			shellScript = "diff \"${PODS_PODFILE_DIR_PATH}/Podfile.lock\" \"${PODS_ROOT}/Manifest.lock\" > /dev/null\nif [ $? != 0 ] ; then\n    # print error to STDERR\n    echo \"error: The sandbox is not in sync with the Podfile.lock. Run 'pod install' or update your CocoaPods installation.\" >&2\n    exit 1\nfi\n# This output is used by Xcode 'outputs' to avoid re-running this script phase.\necho \"SUCCESS\" > \"${SCRIPT_OUTPUT_FILE_0}\"\n";
			showEnvVarsInLog = 0;
		};
		C77253E9C9E2549AAA442303 /* [CP] Embed Pods Frameworks */ = {
			isa = PBXShellScriptBuildPhase;
			buildActionMask = 2147483647;
			files = (
			);
			inputFileListPaths = (
				"${PODS_ROOT}/Target Support Files/Pods-2ChatApp/Pods-2ChatApp-frameworks-${CONFIGURATION}-input-files.xcfilelist",
			);
			name = "[CP] Embed Pods Frameworks";
			outputFileListPaths = (
				"${PODS_ROOT}/Target Support Files/Pods-2ChatApp/Pods-2ChatApp-frameworks-${CONFIGURATION}-output-files.xcfilelist",
			);
			runOnlyForDeploymentPostprocessing = 0;
			shellPath = /bin/sh;
			shellScript = "\"${PODS_ROOT}/Target Support Files/Pods-2ChatApp/Pods-2ChatApp-frameworks.sh\"\n";
			showEnvVarsInLog = 0;
		};
/* End PBXShellScriptBuildPhase section */

/* Begin PBXSourcesBuildPhase section */
		6DA9567323E72E630048AB30 /* Sources */ = {
			isa = PBXSourcesBuildPhase;
			buildActionMask = 2147483647;
			files = (
				6DA9567B23E72E630048AB30 /* AppDelegate.swift in Sources */,
				6DA9569423E736840048AB30 /* HomeViewControllerModel.swift in Sources */,
				6DA9567D23E72E630048AB30 /* SceneDelegate.swift in Sources */,
				6D34DEE523E73E8C00DCB198 /* RegisterViewController.swift in Sources */,
				6D34DEE123E739EF00DCB198 /* HomeViewControllerProtocol.swift in Sources */,
				6DA9569123E72F6C0048AB30 /* HomeViewController.swift in Sources */,
			);
			runOnlyForDeploymentPostprocessing = 0;
		};
/* End PBXSourcesBuildPhase section */

/* Begin PBXVariantGroup section */
		6DA9568523E72E640048AB30 /* LaunchScreen.storyboard */ = {
			isa = PBXVariantGroup;
			children = (
				6DA9568623E72E640048AB30 /* Base */,
			);
			name = LaunchScreen.storyboard;
			sourceTree = "<group>";
		};
/* End PBXVariantGroup section */

/* Begin XCBuildConfiguration section */
		6DA9568923E72E640048AB30 /* Debug */ = {
			isa = XCBuildConfiguration;
			buildSettings = {
				ALWAYS_SEARCH_USER_PATHS = NO;
				CLANG_ANALYZER_NONNULL = YES;
				CLANG_ANALYZER_NUMBER_OBJECT_CONVERSION = YES_AGGRESSIVE;
				CLANG_CXX_LANGUAGE_STANDARD = "gnu++14";
				CLANG_CXX_LIBRARY = "libc++";
				CLANG_ENABLE_MODULES = YES;
				CLANG_ENABLE_OBJC_ARC = YES;
				CLANG_ENABLE_OBJC_WEAK = YES;
				CLANG_WARN_BLOCK_CAPTURE_AUTORELEASING = YES;
				CLANG_WARN_BOOL_CONVERSION = YES;
				CLANG_WARN_COMMA = YES;
				CLANG_WARN_CONSTANT_CONVERSION = YES;
				CLANG_WARN_DEPRECATED_OBJC_IMPLEMENTATIONS = YES;
				CLANG_WARN_DIRECT_OBJC_ISA_USAGE = YES_ERROR;
				CLANG_WARN_DOCUMENTATION_COMMENTS = YES;
				CLANG_WARN_EMPTY_BODY = YES;
				CLANG_WARN_ENUM_CONVERSION = YES;
				CLANG_WARN_INFINITE_RECURSION = YES;
				CLANG_WARN_INT_CONVERSION = YES;
				CLANG_WARN_NON_LITERAL_NULL_CONVERSION = YES;
				CLANG_WARN_OBJC_IMPLICIT_RETAIN_SELF = YES;
				CLANG_WARN_OBJC_LITERAL_CONVERSION = YES;
				CLANG_WARN_OBJC_ROOT_CLASS = YES_ERROR;
				CLANG_WARN_RANGE_LOOP_ANALYSIS = YES;
				CLANG_WARN_STRICT_PROTOTYPES = YES;
				CLANG_WARN_SUSPICIOUS_MOVE = YES;
				CLANG_WARN_UNGUARDED_AVAILABILITY = YES_AGGRESSIVE;
				CLANG_WARN_UNREACHABLE_CODE = YES;
				CLANG_WARN__DUPLICATE_METHOD_MATCH = YES;
				COPY_PHASE_STRIP = NO;
				DEBUG_INFORMATION_FORMAT = dwarf;
				ENABLE_STRICT_OBJC_MSGSEND = YES;
				ENABLE_TESTABILITY = YES;
				GCC_C_LANGUAGE_STANDARD = gnu11;
				GCC_DYNAMIC_NO_PIC = NO;
				GCC_NO_COMMON_BLOCKS = YES;
				GCC_OPTIMIZATION_LEVEL = 0;
				GCC_PREPROCESSOR_DEFINITIONS = (
					"DEBUG=1",
					"$(inherited)",
				);
				GCC_WARN_64_TO_32_BIT_CONVERSION = YES;
				GCC_WARN_ABOUT_RETURN_TYPE = YES_ERROR;
				GCC_WARN_UNDECLARED_SELECTOR = YES;
				GCC_WARN_UNINITIALIZED_AUTOS = YES_AGGRESSIVE;
				GCC_WARN_UNUSED_FUNCTION = YES;
				GCC_WARN_UNUSED_VARIABLE = YES;
				IPHONEOS_DEPLOYMENT_TARGET = 13.2;
				MTL_ENABLE_DEBUG_INFO = INCLUDE_SOURCE;
				MTL_FAST_MATH = YES;
				ONLY_ACTIVE_ARCH = YES;
				SDKROOT = iphoneos;
				SWIFT_ACTIVE_COMPILATION_CONDITIONS = DEBUG;
				SWIFT_OPTIMIZATION_LEVEL = "-Onone";
			};
			name = Debug;
		};
		6DA9568A23E72E640048AB30 /* Release */ = {
			isa = XCBuildConfiguration;
			buildSettings = {
				ALWAYS_SEARCH_USER_PATHS = NO;
				CLANG_ANALYZER_NONNULL = YES;
				CLANG_ANALYZER_NUMBER_OBJECT_CONVERSION = YES_AGGRESSIVE;
				CLANG_CXX_LANGUAGE_STANDARD = "gnu++14";
				CLANG_CXX_LIBRARY = "libc++";
				CLANG_ENABLE_MODULES = YES;
				CLANG_ENABLE_OBJC_ARC = YES;
				CLANG_ENABLE_OBJC_WEAK = YES;
				CLANG_WARN_BLOCK_CAPTURE_AUTORELEASING = YES;
				CLANG_WARN_BOOL_CONVERSION = YES;
				CLANG_WARN_COMMA = YES;
				CLANG_WARN_CONSTANT_CONVERSION = YES;
				CLANG_WARN_DEPRECATED_OBJC_IMPLEMENTATIONS = YES;
				CLANG_WARN_DIRECT_OBJC_ISA_USAGE = YES_ERROR;
				CLANG_WARN_DOCUMENTATION_COMMENTS = YES;
				CLANG_WARN_EMPTY_BODY = YES;
				CLANG_WARN_ENUM_CONVERSION = YES;
				CLANG_WARN_INFINITE_RECURSION = YES;
				CLANG_WARN_INT_CONVERSION = YES;
				CLANG_WARN_NON_LITERAL_NULL_CONVERSION = YES;
				CLANG_WARN_OBJC_IMPLICIT_RETAIN_SELF = YES;
				CLANG_WARN_OBJC_LITERAL_CONVERSION = YES;
				CLANG_WARN_OBJC_ROOT_CLASS = YES_ERROR;
				CLANG_WARN_RANGE_LOOP_ANALYSIS = YES;
				CLANG_WARN_STRICT_PROTOTYPES = YES;
				CLANG_WARN_SUSPICIOUS_MOVE = YES;
				CLANG_WARN_UNGUARDED_AVAILABILITY = YES_AGGRESSIVE;
				CLANG_WARN_UNREACHABLE_CODE = YES;
				CLANG_WARN__DUPLICATE_METHOD_MATCH = YES;
				COPY_PHASE_STRIP = NO;
				DEBUG_INFORMATION_FORMAT = "dwarf-with-dsym";
				ENABLE_NS_ASSERTIONS = NO;
				ENABLE_STRICT_OBJC_MSGSEND = YES;
				GCC_C_LANGUAGE_STANDARD = gnu11;
				GCC_NO_COMMON_BLOCKS = YES;
				GCC_WARN_64_TO_32_BIT_CONVERSION = YES;
				GCC_WARN_ABOUT_RETURN_TYPE = YES_ERROR;
				GCC_WARN_UNDECLARED_SELECTOR = YES;
				GCC_WARN_UNINITIALIZED_AUTOS = YES_AGGRESSIVE;
				GCC_WARN_UNUSED_FUNCTION = YES;
				GCC_WARN_UNUSED_VARIABLE = YES;
				IPHONEOS_DEPLOYMENT_TARGET = 13.2;
				MTL_ENABLE_DEBUG_INFO = NO;
				MTL_FAST_MATH = YES;
				SDKROOT = iphoneos;
				SWIFT_COMPILATION_MODE = wholemodule;
				SWIFT_OPTIMIZATION_LEVEL = "-O";
				VALIDATE_PRODUCT = YES;
			};
			name = Release;
		};
		6DA9568C23E72E640048AB30 /* Debug */ = {
			isa = XCBuildConfiguration;
			baseConfigurationReference = E30AF2D3102FC26C0CAE73E2 /* Pods-2ChatApp.debug.xcconfig */;
			buildSettings = {
				ASSETCATALOG_COMPILER_APPICON_NAME = AppIcon;
				CODE_SIGN_STYLE = Automatic;
				DEVELOPMENT_TEAM = 8DURMPUBZ2;
				INFOPLIST_FILE = 2ChatApp/Info.plist;
				LD_RUNPATH_SEARCH_PATHS = (
					"$(inherited)",
					"@executable_path/Frameworks",
				);
				PRODUCT_BUNDLE_IDENTIFIER = com.alexandru.apostol.dados.2ChatApp;
				PRODUCT_NAME = "$(TARGET_NAME)";
				SWIFT_VERSION = 5.0;
				TARGETED_DEVICE_FAMILY = "1,2";
			};
			name = Debug;
		};
		6DA9568D23E72E640048AB30 /* Release */ = {
			isa = XCBuildConfiguration;
			baseConfigurationReference = ADCF405B5F5F7C181E9DF901 /* Pods-2ChatApp.release.xcconfig */;
			buildSettings = {
				ASSETCATALOG_COMPILER_APPICON_NAME = AppIcon;
				CODE_SIGN_STYLE = Automatic;
				DEVELOPMENT_TEAM = 8DURMPUBZ2;
				INFOPLIST_FILE = 2ChatApp/Info.plist;
				LD_RUNPATH_SEARCH_PATHS = (
					"$(inherited)",
					"@executable_path/Frameworks",
				);
				PRODUCT_BUNDLE_IDENTIFIER = com.alexandru.apostol.dados.2ChatApp;
				PRODUCT_NAME = "$(TARGET_NAME)";
				SWIFT_VERSION = 5.0;
				TARGETED_DEVICE_FAMILY = "1,2";
			};
			name = Release;
		};
/* End XCBuildConfiguration section */

/* Begin XCConfigurationList section */
		6DA9567223E72E630048AB30 /* Build configuration list for PBXProject "2ChatApp" */ = {
			isa = XCConfigurationList;
			buildConfigurations = (
				6DA9568923E72E640048AB30 /* Debug */,
				6DA9568A23E72E640048AB30 /* Release */,
			);
			defaultConfigurationIsVisible = 0;
			defaultConfigurationName = Release;
		};
		6DA9568B23E72E640048AB30 /* Build configuration list for PBXNativeTarget "2ChatApp" */ = {
			isa = XCConfigurationList;
			buildConfigurations = (
				6DA9568C23E72E640048AB30 /* Debug */,
				6DA9568D23E72E640048AB30 /* Release */,
			);
			defaultConfigurationIsVisible = 0;
			defaultConfigurationName = Release;
		};
/* End XCConfigurationList section */
	};
	rootObject = 6DA9566F23E72E630048AB30 /* Project object */;
}
